
Microsoft Visual Studio Solution File, Format Version 12.00
# Visual Studio Version 17
VisualStudioVersion = 17.4.33103.184
MinimumVisualStudioVersion = 10.0.40219.1
Project("{FAE04EC0-301F-11D3-BF4B-00C04F79EFBC}") = "Net6_Work1", "Net6_Work1.csproj", "{170062CA-5670-4E8C-BD68-6E26EBDE766B}"
EndProject
Global
	GlobalSection(SolutionConfigurationPlatforms) = preSolution
		Debug|Any CPU = Debug|Any CPU
		Release|Any CPU = Release|Any CPU
	EndGlobalSection
	GlobalSection(ProjectConfigurationPlatforms) = postSolution
		{170062CA-5670-4E8C-BD68-6E26EBDE766B}.Debug|Any CPU.ActiveCfg = Debug|Any CPU
		{170062CA-5670-4E8C-BD68-6E26EBDE766B}.Debug|Any CPU.Build.0 = Debug|Any CPU
		{170062CA-5670-4E8C-BD68-6E26EBDE766B}.Release|Any CPU.ActiveCfg = Release|Any CPU
		{170062CA-5670-4E8C-BD68-6E26EBDE766B}.Release|Any CPU.Build.0 = Release|Any CPU
	EndGlobalSection
	GlobalSection(SolutionProperties) = preSolution
		HideSolutionNode = FALSE
	EndGlobalSection
	GlobalSection(ExtensibilityGlobals) = postSolution
		SolutionGuid = {73A761AB-6D8D-49DC-B770-D464BAA3B974}
	EndGlobalSection
EndGlobal
